
Microsoft Visual Studio Solution File, Format Version 12.00
# Visual Studio 15
VisualStudioVersion = 15.0.27130.2027
MinimumVisualStudioVersion = 10.0.40219.1
Project("{9A19103F-16F7-4668-BE54-9A1E7A4F7556}") = "Modul1", "Modul1\Modul1.csproj", "{D61E3E8A-F464-4299-B65E-CAF2782ADEEF}"
EndProject
Project("{9A19103F-16F7-4668-BE54-9A1E7A4F7556}") = "Modul2", "Modul2\Modul2.csproj", "{9C96A02A-6F84-41F9-929D-953EC7E9CC51}"
EndProject
Project("{9A19103F-16F7-4668-BE54-9A1E7A4F7556}") = "Modul3", "Modul3\Modul3.csproj", "{80F49067-21C7-4780-8584-6952A787EC42}"
EndProject
Project("{9A19103F-16F7-4668-BE54-9A1E7A4F7556}") = "Modul4", "Modul4\Modul4.csproj", "{51F637CF-EAED-4E0D-9255-B517903DFAC2}"
EndProject
Project("{9A19103F-16F7-4668-BE54-9A1E7A4F7556}") = "PrintLibrary", "PrintLibrary\PrintLibrary.csproj", "{776DB373-2CAA-4851-A5CC-71B738F290A5}"
EndProject
Project("{9A19103F-16F7-4668-BE54-9A1E7A4F7556}") = "Modul5", "Modul5\Modul5.csproj", "{D75EDBC0-9EC9-4770-A05A-6BEAD76DE6AF}"
EndProject
Global
	GlobalSection(SolutionConfigurationPlatforms) = preSolution
		Debug|Any CPU = Debug|Any CPU
		Release|Any CPU = Release|Any CPU
	EndGlobalSection
	GlobalSection(ProjectConfigurationPlatforms) = postSolution
		{D61E3E8A-F464-4299-B65E-CAF2782ADEEF}.Debug|Any CPU.ActiveCfg = Debug|Any CPU
		{D61E3E8A-F464-4299-B65E-CAF2782ADEEF}.Debug|Any CPU.Build.0 = Debug|Any CPU
		{D61E3E8A-F464-4299-B65E-CAF2782ADEEF}.Release|Any CPU.ActiveCfg = Release|Any CPU
		{D61E3E8A-F464-4299-B65E-CAF2782ADEEF}.Release|Any CPU.Build.0 = Release|Any CPU
		{9C96A02A-6F84-41F9-929D-953EC7E9CC51}.Debug|Any CPU.ActiveCfg = Debug|Any CPU
		{9C96A02A-6F84-41F9-929D-953EC7E9CC51}.Debug|Any CPU.Build.0 = Debug|Any CPU
		{9C96A02A-6F84-41F9-929D-953EC7E9CC51}.Release|Any CPU.ActiveCfg = Release|Any CPU
		{9C96A02A-6F84-41F9-929D-953EC7E9CC51}.Release|Any CPU.Build.0 = Release|Any CPU
		{80F49067-21C7-4780-8584-6952A787EC42}.Debug|Any CPU.ActiveCfg = Debug|Any CPU
		{80F49067-21C7-4780-8584-6952A787EC42}.Debug|Any CPU.Build.0 = Debug|Any CPU
		{80F49067-21C7-4780-8584-6952A787EC42}.Release|Any CPU.ActiveCfg = Release|Any CPU
		{80F49067-21C7-4780-8584-6952A787EC42}.Release|Any CPU.Build.0 = Release|Any CPU
		{51F637CF-EAED-4E0D-9255-B517903DFAC2}.Debug|Any CPU.ActiveCfg = Debug|Any CPU
		{51F637CF-EAED-4E0D-9255-B517903DFAC2}.Debug|Any CPU.Build.0 = Debug|Any CPU
		{51F637CF-EAED-4E0D-9255-B517903DFAC2}.Release|Any CPU.ActiveCfg = Release|Any CPU
		{51F637CF-EAED-4E0D-9255-B517903DFAC2}.Release|Any CPU.Build.0 = Release|Any CPU
		{776DB373-2CAA-4851-A5CC-71B738F290A5}.Debug|Any CPU.ActiveCfg = Debug|Any CPU
		{776DB373-2CAA-4851-A5CC-71B738F290A5}.Debug|Any CPU.Build.0 = Debug|Any CPU
		{776DB373-2CAA-4851-A5CC-71B738F290A5}.Release|Any CPU.ActiveCfg = Release|Any CPU
		{776DB373-2CAA-4851-A5CC-71B738F290A5}.Release|Any CPU.Build.0 = Release|Any CPU
		{D75EDBC0-9EC9-4770-A05A-6BEAD76DE6AF}.Debug|Any CPU.ActiveCfg = Debug|Any CPU
		{D75EDBC0-9EC9-4770-A05A-6BEAD76DE6AF}.Debug|Any CPU.Build.0 = Debug|Any CPU
		{D75EDBC0-9EC9-4770-A05A-6BEAD76DE6AF}.Release|Any CPU.ActiveCfg = Release|Any CPU
		{D75EDBC0-9EC9-4770-A05A-6BEAD76DE6AF}.Release|Any CPU.Build.0 = Release|Any CPU
	EndGlobalSection
	GlobalSection(SolutionProperties) = preSolution
		HideSolutionNode = FALSE
	EndGlobalSection
	GlobalSection(ExtensibilityGlobals) = postSolution
		SolutionGuid = {F27A0CC5-97AE-47B4-B747-C568B0B15151}
	EndGlobalSection
EndGlobal
