
Microsoft Visual Studio Solution File, Format Version 12.00
# Visual Studio 15
VisualStudioVersion = 15.0.27130.2027
MinimumVisualStudioVersion = 10.0.40219.1
Project("{9A19103F-16F7-4668-BE54-9A1E7A4F7556}") = "S2L15", "S2L15\S2L15.csproj", "{8CE3B7D2-8DD6-46BE-87BF-53D40E02139C}"
EndProject
Project("{9A19103F-16F7-4668-BE54-9A1E7A4F7556}") = "S4L26", "S4L26\S4L26.csproj", "{C7C7A6D1-DA37-41E7-B262-DADE455F9493}"
EndProject
Project("{9A19103F-16F7-4668-BE54-9A1E7A4F7556}") = "S5L31", "S5L31\S5L31.csproj", "{749F719A-B3C0-4FD6-A51D-9CA42881A0E8}"
EndProject
Project("{FAE04EC0-301F-11D3-BF4B-00C04F79EFBC}") = "S6L38", "S6L38\S6L38.csproj", "{43775F5D-A495-4977-B256-16979C6DB9B2}"
EndProject
Global
	GlobalSection(SolutionConfigurationPlatforms) = preSolution
		Debug|Any CPU = Debug|Any CPU
		Release|Any CPU = Release|Any CPU
	EndGlobalSection
	GlobalSection(ProjectConfigurationPlatforms) = postSolution
		{8CE3B7D2-8DD6-46BE-87BF-53D40E02139C}.Debug|Any CPU.ActiveCfg = Debug|Any CPU
		{8CE3B7D2-8DD6-46BE-87BF-53D40E02139C}.Debug|Any CPU.Build.0 = Debug|Any CPU
		{8CE3B7D2-8DD6-46BE-87BF-53D40E02139C}.Release|Any CPU.ActiveCfg = Release|Any CPU
		{8CE3B7D2-8DD6-46BE-87BF-53D40E02139C}.Release|Any CPU.Build.0 = Release|Any CPU
		{C7C7A6D1-DA37-41E7-B262-DADE455F9493}.Debug|Any CPU.ActiveCfg = Debug|Any CPU
		{C7C7A6D1-DA37-41E7-B262-DADE455F9493}.Debug|Any CPU.Build.0 = Debug|Any CPU
		{C7C7A6D1-DA37-41E7-B262-DADE455F9493}.Release|Any CPU.ActiveCfg = Release|Any CPU
		{C7C7A6D1-DA37-41E7-B262-DADE455F9493}.Release|Any CPU.Build.0 = Release|Any CPU
		{749F719A-B3C0-4FD6-A51D-9CA42881A0E8}.Debug|Any CPU.ActiveCfg = Debug|Any CPU
		{749F719A-B3C0-4FD6-A51D-9CA42881A0E8}.Debug|Any CPU.Build.0 = Debug|Any CPU
		{749F719A-B3C0-4FD6-A51D-9CA42881A0E8}.Release|Any CPU.ActiveCfg = Release|Any CPU
		{749F719A-B3C0-4FD6-A51D-9CA42881A0E8}.Release|Any CPU.Build.0 = Release|Any CPU
		{43775F5D-A495-4977-B256-16979C6DB9B2}.Debug|Any CPU.ActiveCfg = Debug|Any CPU
		{43775F5D-A495-4977-B256-16979C6DB9B2}.Debug|Any CPU.Build.0 = Debug|Any CPU
		{43775F5D-A495-4977-B256-16979C6DB9B2}.Release|Any CPU.ActiveCfg = Release|Any CPU
		{43775F5D-A495-4977-B256-16979C6DB9B2}.Release|Any CPU.Build.0 = Release|Any CPU
	EndGlobalSection
	GlobalSection(SolutionProperties) = preSolution
		HideSolutionNode = FALSE
	EndGlobalSection
	GlobalSection(ExtensibilityGlobals) = postSolution
		SolutionGuid = {514F090A-3837-47B2-989C-7CC84E381410}
	EndGlobalSection
EndGlobal
